
Microsoft Visual Studio Solution File, Format Version 12.00
# Visual Studio Version 17
VisualStudioVersion = 17.4.33213.308
MinimumVisualStudioVersion = 10.0.40219.1
Project("{FAE04EC0-301F-11D3-BF4B-00C04F79EFBC}") = "Git_git", "Git_git.csproj", "{0F7CE757-ACEA-44AA-ABDE-0E99B846D7CD}"
EndProject
Global
	GlobalSection(SolutionConfigurationPlatforms) = preSolution
		Debug|Any CPU = Debug|Any CPU
		Release|Any CPU = Release|Any CPU
	EndGlobalSection
	GlobalSection(ProjectConfigurationPlatforms) = postSolution
		{0F7CE757-ACEA-44AA-ABDE-0E99B846D7CD}.Debug|Any CPU.ActiveCfg = Debug|Any CPU
		{0F7CE757-ACEA-44AA-ABDE-0E99B846D7CD}.Debug|Any CPU.Build.0 = Debug|Any CPU
		{0F7CE757-ACEA-44AA-ABDE-0E99B846D7CD}.Release|Any CPU.ActiveCfg = Release|Any CPU
		{0F7CE757-ACEA-44AA-ABDE-0E99B846D7CD}.Release|Any CPU.Build.0 = Release|Any CPU
	EndGlobalSection
	GlobalSection(SolutionProperties) = preSolution
		HideSolutionNode = FALSE
	EndGlobalSection
	GlobalSection(ExtensibilityGlobals) = postSolution
		SolutionGuid = {0E9DF1AC-2779-4AB0-BEB6-2F5C3711E4E2}
	EndGlobalSection
EndGlobal
